// !$*UTF8*$!
{
	archiveVersion = 1;
	classes = {
	};
	objectVersion = 55;
	objects = {

/* Begin PBXBuildFile section */
		4EA57770C72A5449EC451BC6 /* Pods_InovaApp.framework in Frameworks */ = {isa = PBXBuildFile; fileRef = C8DC5931E40BB7B0352480EE /* Pods_InovaApp.framework */; };
		5540E2A68F74D4F620D6379B /* Pods_InovaAppTests.framework in Frameworks */ = {isa = PBXBuildFile; fileRef = F9D56B26A9CEF300BBB24F2D /* Pods_InovaAppTests.framework */; };
		D4261ECC2836C09900C6166B /* AppDelegate.swift in Sources */ = {isa = PBXBuildFile; fileRef = D4261ECB2836C09900C6166B /* AppDelegate.swift */; };
		D4261ECE2836C09900C6166B /* SceneDelegate.swift in Sources */ = {isa = PBXBuildFile; fileRef = D4261ECD2836C09900C6166B /* SceneDelegate.swift */; };
		D4261ED02836C09900C6166B /* HomeVC.swift in Sources */ = {isa = PBXBuildFile; fileRef = D4261ECF2836C09900C6166B /* HomeVC.swift */; };
		D4261ED32836C09900C6166B /* Main.storyboard in Resources */ = {isa = PBXBuildFile; fileRef = D4261ED12836C09900C6166B /* Main.storyboard */; };
		D4261ED52836C09B00C6166B /* Assets.xcassets in Resources */ = {isa = PBXBuildFile; fileRef = D4261ED42836C09B00C6166B /* Assets.xcassets */; };
		D4261ED82836C09B00C6166B /* LaunchScreen.storyboard in Resources */ = {isa = PBXBuildFile; fileRef = D4261ED62836C09B00C6166B /* LaunchScreen.storyboard */; };
		D4261EE32836C09C00C6166B /* InovaAppTests.swift in Sources */ = {isa = PBXBuildFile; fileRef = D4261EE22836C09C00C6166B /* InovaAppTests.swift */; };
		D4261EED2836C09C00C6166B /* InovaAppUITests.swift in Sources */ = {isa = PBXBuildFile; fileRef = D4261EEC2836C09C00C6166B /* InovaAppUITests.swift */; };
		D4261EEF2836C09C00C6166B /* InovaAppUITestsLaunchTests.swift in Sources */ = {isa = PBXBuildFile; fileRef = D4261EEE2836C09C00C6166B /* InovaAppUITestsLaunchTests.swift */; };
		D4261F012836C33E00C6166B /* HomeViewModel.swift in Sources */ = {isa = PBXBuildFile; fileRef = D4261F002836C33E00C6166B /* HomeViewModel.swift */; };
		D4261F032836C62F00C6166B /* SeriesJson.json in Resources */ = {isa = PBXBuildFile; fileRef = D4261F022836C62F00C6166B /* SeriesJson.json */; };
		D4261F052836C76A00C6166B /* Series.swift in Sources */ = {isa = PBXBuildFile; fileRef = D4261F042836C76A00C6166B /* Series.swift */; };
		D4261F082836D9A900C6166B /* UIImageView + Ext.swift in Sources */ = {isa = PBXBuildFile; fileRef = D4261F072836D9A900C6166B /* UIImageView + Ext.swift */; };
		F7E0C6665DF203E38CBF997E /* Pods_InovaApp_InovaAppUITests.framework in Frameworks */ = {isa = PBXBuildFile; fileRef = 002766BB8A2883B71A02395C /* Pods_InovaApp_InovaAppUITests.framework */; };
/* End PBXBuildFile section */

/* Begin PBXContainerItemProxy section */
		D4261EDF2836C09C00C6166B /* PBXContainerItemProxy */ = {
			isa = PBXContainerItemProxy;
			containerPortal = D4261EC02836C09900C6166B /* Project object */;
			proxyType = 1;
			remoteGlobalIDString = D4261EC72836C09900C6166B;
			remoteInfo = InovaApp;
		};
		D4261EE92836C09C00C6166B /* PBXContainerItemProxy */ = {
			isa = PBXContainerItemProxy;
			containerPortal = D4261EC02836C09900C6166B /* Project object */;
			proxyType = 1;
			remoteGlobalIDString = D4261EC72836C09900C6166B;
			remoteInfo = InovaApp;
		};
/* End PBXContainerItemProxy section */

/* Begin PBXFileReference section */
		002766BB8A2883B71A02395C /* Pods_InovaApp_InovaAppUITests.framework */ = {isa = PBXFileReference; explicitFileType = wrapper.framework; includeInIndex = 0; path = Pods_InovaApp_InovaAppUITests.framework; sourceTree = BUILT_PRODUCTS_DIR; };
		014CE01D92E680E8D7CB9631 /* Pods-InovaApp.debug.xcconfig */ = {isa = PBXFileReference; includeInIndex = 1; lastKnownFileType = text.xcconfig; name = "Pods-InovaApp.debug.xcconfig"; path = "Target Support Files/Pods-InovaApp/Pods-InovaApp.debug.xcconfig"; sourceTree = "<group>"; };
		0DA9DA9D38F22A4065569007 /* Pods-InovaApp-InovaAppUITests.debug.xcconfig */ = {isa = PBXFileReference; includeInIndex = 1; lastKnownFileType = text.xcconfig; name = "Pods-InovaApp-InovaAppUITests.debug.xcconfig"; path = "Target Support Files/Pods-InovaApp-InovaAppUITests/Pods-InovaApp-InovaAppUITests.debug.xcconfig"; sourceTree = "<group>"; };
		4049E4388D7642EC42DA2793 /* Pods-InovaAppTests.debug.xcconfig */ = {isa = PBXFileReference; includeInIndex = 1; lastKnownFileType = text.xcconfig; name = "Pods-InovaAppTests.debug.xcconfig"; path = "Target Support Files/Pods-InovaAppTests/Pods-InovaAppTests.debug.xcconfig"; sourceTree = "<group>"; };
		5477AA07AA25F1C20F9A8B61 /* Pods-InovaApp-InovaAppUITests.release.xcconfig */ = {isa = PBXFileReference; includeInIndex = 1; lastKnownFileType = text.xcconfig; name = "Pods-InovaApp-InovaAppUITests.release.xcconfig"; path = "Target Support Files/Pods-InovaApp-InovaAppUITests/Pods-InovaApp-InovaAppUITests.release.xcconfig"; sourceTree = "<group>"; };
		B87AF357E5451F22072381AE /* Pods-InovaAppTests.release.xcconfig */ = {isa = PBXFileReference; includeInIndex = 1; lastKnownFileType = text.xcconfig; name = "Pods-InovaAppTests.release.xcconfig"; path = "Target Support Files/Pods-InovaAppTests/Pods-InovaAppTests.release.xcconfig"; sourceTree = "<group>"; };
		BDB832E28CA0046D592FF5DB /* Pods-InovaApp.release.xcconfig */ = {isa = PBXFileReference; includeInIndex = 1; lastKnownFileType = text.xcconfig; name = "Pods-InovaApp.release.xcconfig"; path = "Target Support Files/Pods-InovaApp/Pods-InovaApp.release.xcconfig"; sourceTree = "<group>"; };
		C8DC5931E40BB7B0352480EE /* Pods_InovaApp.framework */ = {isa = PBXFileReference; explicitFileType = wrapper.framework; includeInIndex = 0; path = Pods_InovaApp.framework; sourceTree = BUILT_PRODUCTS_DIR; };
		D4261EC82836C09900C6166B /* InovaApp.app */ = {isa = PBXFileReference; explicitFileType = wrapper.application; includeInIndex = 0; path = InovaApp.app; sourceTree = BUILT_PRODUCTS_DIR; };
		D4261ECB2836C09900C6166B /* AppDelegate.swift */ = {isa = PBXFileReference; lastKnownFileType = sourcecode.swift; path = AppDelegate.swift; sourceTree = "<group>"; };
		D4261ECD2836C09900C6166B /* SceneDelegate.swift */ = {isa = PBXFileReference; lastKnownFileType = sourcecode.swift; path = SceneDelegate.swift; sourceTree = "<group>"; };
		D4261ECF2836C09900C6166B /* HomeVC.swift */ = {isa = PBXFileReference; lastKnownFileType = sourcecode.swift; path = HomeVC.swift; sourceTree = "<group>"; };
		D4261ED22836C09900C6166B /* Base */ = {isa = PBXFileReference; lastKnownFileType = file.storyboard; name = Base; path = Base.lproj/Main.storyboard; sourceTree = "<group>"; };
		D4261ED42836C09B00C6166B /* Assets.xcassets */ = {isa = PBXFileReference; lastKnownFileType = folder.assetcatalog; path = Assets.xcassets; sourceTree = "<group>"; };
		D4261ED72836C09B00C6166B /* Base */ = {isa = PBXFileReference; lastKnownFileType = file.storyboard; name = Base; path = Base.lproj/LaunchScreen.storyboard; sourceTree = "<group>"; };
		D4261ED92836C09B00C6166B /* Info.plist */ = {isa = PBXFileReference; lastKnownFileType = text.plist.xml; path = Info.plist; sourceTree = "<group>"; };
		D4261EDE2836C09C00C6166B /* InovaAppTests.xctest */ = {isa = PBXFileReference; explicitFileType = wrapper.cfbundle; includeInIndex = 0; path = InovaAppTests.xctest; sourceTree = BUILT_PRODUCTS_DIR; };
		D4261EE22836C09C00C6166B /* InovaAppTests.swift */ = {isa = PBXFileReference; lastKnownFileType = sourcecode.swift; path = InovaAppTests.swift; sourceTree = "<group>"; };
		D4261EE82836C09C00C6166B /* InovaAppUITests.xctest */ = {isa = PBXFileReference; explicitFileType = wrapper.cfbundle; includeInIndex = 0; path = InovaAppUITests.xctest; sourceTree = BUILT_PRODUCTS_DIR; };
		D4261EEC2836C09C00C6166B /* InovaAppUITests.swift */ = {isa = PBXFileReference; lastKnownFileType = sourcecode.swift; path = InovaAppUITests.swift; sourceTree = "<group>"; };
		D4261EEE2836C09C00C6166B /* InovaAppUITestsLaunchTests.swift */ = {isa = PBXFileReference; lastKnownFileType = sourcecode.swift; path = InovaAppUITestsLaunchTests.swift; sourceTree = "<group>"; };
		D4261F002836C33E00C6166B /* HomeViewModel.swift */ = {isa = PBXFileReference; lastKnownFileType = sourcecode.swift; path = HomeViewModel.swift; sourceTree = "<group>"; };
		D4261F022836C62F00C6166B /* SeriesJson.json */ = {isa = PBXFileReference; lastKnownFileType = text.json; path = SeriesJson.json; sourceTree = "<group>"; };
		D4261F042836C76A00C6166B /* Series.swift */ = {isa = PBXFileReference; lastKnownFileType = sourcecode.swift; path = Series.swift; sourceTree = "<group>"; };
		D4261F072836D9A900C6166B /* UIImageView + Ext.swift */ = {isa = PBXFileReference; lastKnownFileType = sourcecode.swift; path = "UIImageView + Ext.swift"; sourceTree = "<group>"; };
		F9D56B26A9CEF300BBB24F2D /* Pods_InovaAppTests.framework */ = {isa = PBXFileReference; explicitFileType = wrapper.framework; includeInIndex = 0; path = Pods_InovaAppTests.framework; sourceTree = BUILT_PRODUCTS_DIR; };
/* End PBXFileReference section */

/* Begin PBXFrameworksBuildPhase section */
		D4261EC52836C09900C6166B /* Frameworks */ = {
			isa = PBXFrameworksBuildPhase;
			buildActionMask = 2147483647;
			files = (
				4EA57770C72A5449EC451BC6 /* Pods_InovaApp.framework in Frameworks */,
			);
			runOnlyForDeploymentPostprocessing = 0;
		};
		D4261EDB2836C09C00C6166B /* Frameworks */ = {
			isa = PBXFrameworksBuildPhase;
			buildActionMask = 2147483647;
			files = (
				5540E2A68F74D4F620D6379B /* Pods_InovaAppTests.framework in Frameworks */,
			);
			runOnlyForDeploymentPostprocessing = 0;
		};
		D4261EE52836C09C00C6166B /* Frameworks */ = {
			isa = PBXFrameworksBuildPhase;
			buildActionMask = 2147483647;
			files = (
				F7E0C6665DF203E38CBF997E /* Pods_InovaApp_InovaAppUITests.framework in Frameworks */,
			);
			runOnlyForDeploymentPostprocessing = 0;
		};
/* End PBXFrameworksBuildPhase section */

/* Begin PBXGroup section */
		0C5F3C1BD1CC19C3945D09D3 /* Pods */ = {
			isa = PBXGroup;
			children = (
				014CE01D92E680E8D7CB9631 /* Pods-InovaApp.debug.xcconfig */,
				BDB832E28CA0046D592FF5DB /* Pods-InovaApp.release.xcconfig */,
				0DA9DA9D38F22A4065569007 /* Pods-InovaApp-InovaAppUITests.debug.xcconfig */,
				5477AA07AA25F1C20F9A8B61 /* Pods-InovaApp-InovaAppUITests.release.xcconfig */,
				4049E4388D7642EC42DA2793 /* Pods-InovaAppTests.debug.xcconfig */,
				B87AF357E5451F22072381AE /* Pods-InovaAppTests.release.xcconfig */,
			);
			path = Pods;
			sourceTree = "<group>";
		};
		D4261EBF2836C09900C6166B = {
			isa = PBXGroup;
			children = (
				D4261ECA2836C09900C6166B /* InovaApp */,
				D4261EE12836C09C00C6166B /* InovaAppTests */,
				D4261EEB2836C09C00C6166B /* InovaAppUITests */,
				D4261EC92836C09900C6166B /* Products */,
				0C5F3C1BD1CC19C3945D09D3 /* Pods */,
				E05176D086D4DE12D828AE6D /* Frameworks */,
			);
			sourceTree = "<group>";
		};
		D4261EC92836C09900C6166B /* Products */ = {
			isa = PBXGroup;
			children = (
				D4261EC82836C09900C6166B /* InovaApp.app */,
				D4261EDE2836C09C00C6166B /* InovaAppTests.xctest */,
				D4261EE82836C09C00C6166B /* InovaAppUITests.xctest */,
			);
			name = Products;
			sourceTree = "<group>";
		};
		D4261ECA2836C09900C6166B /* InovaApp */ = {
			isa = PBXGroup;
			children = (
				D4261F062836D99100C6166B /* Extensions */,
				D4261EFD2836C16100C6166B /* Core */,
				D4261EFC2836C14B00C6166B /* Resource */,
				D4261EFB2836C14000C6166B /* Model */,
				D4261EFE2836C19700C6166B /* Scenes */,
				D4261ED92836C09B00C6166B /* Info.plist */,
			);
			path = InovaApp;
			sourceTree = "<group>";
		};
		D4261EE12836C09C00C6166B /* InovaAppTests */ = {
			isa = PBXGroup;
			children = (
				D4261EE22836C09C00C6166B /* InovaAppTests.swift */,
			);
			path = InovaAppTests;
			sourceTree = "<group>";
		};
		D4261EEB2836C09C00C6166B /* InovaAppUITests */ = {
			isa = PBXGroup;
			children = (
				D4261EEC2836C09C00C6166B /* InovaAppUITests.swift */,
				D4261EEE2836C09C00C6166B /* InovaAppUITestsLaunchTests.swift */,
			);
			path = InovaAppUITests;
			sourceTree = "<group>";
		};
		D4261EFB2836C14000C6166B /* Model */ = {
			isa = PBXGroup;
			children = (
				D4261F042836C76A00C6166B /* Series.swift */,
			);
			path = Model;
			sourceTree = "<group>";
		};
		D4261EFC2836C14B00C6166B /* Resource */ = {
			isa = PBXGroup;
			children = (
				D4261ED42836C09B00C6166B /* Assets.xcassets */,
				D4261F022836C62F00C6166B /* SeriesJson.json */,
				D4261ED62836C09B00C6166B /* LaunchScreen.storyboard */,
			);
			path = Resource;
			sourceTree = "<group>";
		};
		D4261EFD2836C16100C6166B /* Core */ = {
			isa = PBXGroup;
			children = (
				D4261ECB2836C09900C6166B /* AppDelegate.swift */,
				D4261ECD2836C09900C6166B /* SceneDelegate.swift */,
			);
			path = Core;
			sourceTree = "<group>";
		};
		D4261EFE2836C19700C6166B /* Scenes */ = {
			isa = PBXGroup;
			children = (
				D4261EFF2836C2C600C6166B /* Home */,
				D4261ED12836C09900C6166B /* Main.storyboard */,
			);
			path = Scenes;
			sourceTree = "<group>";
		};
		D4261EFF2836C2C600C6166B /* Home */ = {
			isa = PBXGroup;
			children = (
				D4261ECF2836C09900C6166B /* HomeVC.swift */,
				D4261F002836C33E00C6166B /* HomeViewModel.swift */,
			);
			path = Home;
			sourceTree = "<group>";
		};
		D4261F062836D99100C6166B /* Extensions */ = {
			isa = PBXGroup;
			children = (
				D4261F072836D9A900C6166B /* UIImageView + Ext.swift */,
			);
			path = Extensions;
			sourceTree = "<group>";
		};
		E05176D086D4DE12D828AE6D /* Frameworks */ = {
			isa = PBXGroup;
			children = (
				C8DC5931E40BB7B0352480EE /* Pods_InovaApp.framework */,
				002766BB8A2883B71A02395C /* Pods_InovaApp_InovaAppUITests.framework */,
				F9D56B26A9CEF300BBB24F2D /* Pods_InovaAppTests.framework */,
			);
			name = Frameworks;
			sourceTree = "<group>";
		};
/* End PBXGroup section */

/* Begin PBXNativeTarget section */
		D4261EC72836C09900C6166B /* InovaApp */ = {
			isa = PBXNativeTarget;
			buildConfigurationList = D4261EF22836C09C00C6166B /* Build configuration list for PBXNativeTarget "InovaApp" */;
			buildPhases = (
				DD2BCF618214D49877E80B29 /* [CP] Check Pods Manifest.lock */,
				D4261EC42836C09900C6166B /* Sources */,
				D4261EC52836C09900C6166B /* Frameworks */,
				D4261EC62836C09900C6166B /* Resources */,
				F5C0D84DF116B1DB25B2F923 /* [CP] Embed Pods Frameworks */,
			);
			buildRules = (
			);
			dependencies = (
			);
			name = InovaApp;
			productName = InovaApp;
			productReference = D4261EC82836C09900C6166B /* InovaApp.app */;
			productType = "com.apple.product-type.application";
		};
		D4261EDD2836C09C00C6166B /* InovaAppTests */ = {
			isa = PBXNativeTarget;
			buildConfigurationList = D4261EF52836C09C00C6166B /* Build configuration list for PBXNativeTarget "InovaAppTests" */;
			buildPhases = (
				48B773B6A4A5F17D1196E23F /* [CP] Check Pods Manifest.lock */,
				D4261EDA2836C09C00C6166B /* Sources */,
				D4261EDB2836C09C00C6166B /* Frameworks */,
				D4261EDC2836C09C00C6166B /* Resources */,
			);
			buildRules = (
			);
			dependencies = (
				D4261EE02836C09C00C6166B /* PBXTargetDependency */,
			);
			name = InovaAppTests;
			productName = InovaAppTests;
			productReference = D4261EDE2836C09C00C6166B /* InovaAppTests.xctest */;
			productType = "com.apple.product-type.bundle.unit-test";
		};
		D4261EE72836C09C00C6166B /* InovaAppUITests */ = {
			isa = PBXNativeTarget;
			buildConfigurationList = D4261EF82836C09C00C6166B /* Build configuration list for PBXNativeTarget "InovaAppUITests" */;
			buildPhases = (
				7F915F11B03664BB4429E142 /* [CP] Check Pods Manifest.lock */,
				D4261EE42836C09C00C6166B /* Sources */,
				D4261EE52836C09C00C6166B /* Frameworks */,
				D4261EE62836C09C00C6166B /* Resources */,
				8C49DF2B5FB5E97A08AA1CDE /* [CP] Embed Pods Frameworks */,
			);
			buildRules = (
			);
			dependencies = (
				D4261EEA2836C09C00C6166B /* PBXTargetDependency */,
			);
			name = InovaAppUITests;
			productName = InovaAppUITests;
			productReference = D4261EE82836C09C00C6166B /* InovaAppUITests.xctest */;
			productType = "com.apple.product-type.bundle.ui-testing";
		};
/* End PBXNativeTarget section */

/* Begin PBXProject section */
		D4261EC02836C09900C6166B /* Project object */ = {
			isa = PBXProject;
			attributes = {
				BuildIndependentTargetsInParallel = 1;
				LastSwiftUpdateCheck = 1330;
				LastUpgradeCheck = 1330;
				TargetAttributes = {
					D4261EC72836C09900C6166B = {
						CreatedOnToolsVersion = 13.3.1;
					};
					D4261EDD2836C09C00C6166B = {
						CreatedOnToolsVersion = 13.3.1;
						TestTargetID = D4261EC72836C09900C6166B;
					};
					D4261EE72836C09C00C6166B = {
						CreatedOnToolsVersion = 13.3.1;
						TestTargetID = D4261EC72836C09900C6166B;
					};
				};
			};
			buildConfigurationList = D4261EC32836C09900C6166B /* Build configuration list for PBXProject "InovaApp" */;
			compatibilityVersion = "Xcode 13.0";
			developmentRegion = en;
			hasScannedForEncodings = 0;
			knownRegions = (
				en,
				Base,
			);
			mainGroup = D4261EBF2836C09900C6166B;
			productRefGroup = D4261EC92836C09900C6166B /* Products */;
			projectDirPath = "";
			projectRoot = "";
			targets = (
				D4261EC72836C09900C6166B /* InovaApp */,
				D4261EDD2836C09C00C6166B /* InovaAppTests */,
				D4261EE72836C09C00C6166B /* InovaAppUITests */,
			);
		};
/* End PBXProject section */

/* Begin PBXResourcesBuildPhase section */
		D4261EC62836C09900C6166B /* Resources */ = {
			isa = PBXResourcesBuildPhase;
			buildActionMask = 2147483647;
			files = (
				D4261F032836C62F00C6166B /* SeriesJson.json in Resources */,
				D4261ED82836C09B00C6166B /* LaunchScreen.storyboard in Resources */,
				D4261ED52836C09B00C6166B /* Assets.xcassets in Resources */,
				D4261ED32836C09900C6166B /* Main.storyboard in Resources */,
			);
			runOnlyForDeploymentPostprocessing = 0;
		};
		D4261EDC2836C09C00C6166B /* Resources */ = {
			isa = PBXResourcesBuildPhase;
			buildActionMask = 2147483647;
			files = (
			);
			runOnlyForDeploymentPostprocessing = 0;
		};
		D4261EE62836C09C00C6166B /* Resources */ = {
			isa = PBXResourcesBuildPhase;
			buildActionMask = 2147483647;
			files = (
			);
			runOnlyForDeploymentPostprocessing = 0;
		};
/* End PBXResourcesBuildPhase section */

/* Begin PBXShellScriptBuildPhase section */
		48B773B6A4A5F17D1196E23F /* [CP] Check Pods Manifest.lock */ = {
			isa = PBXShellScriptBuildPhase;
			buildActionMask = 2147483647;
			files = (
			);
			inputFileListPaths = (
			);
			inputPaths = (
				"${PODS_PODFILE_DIR_PATH}/Podfile.lock",
				"${PODS_ROOT}/Manifest.lock",
			);
			name = "[CP] Check Pods Manifest.lock";
			outputFileListPaths = (
			);
			outputPaths = (
				"$(DERIVED_FILE_DIR)/Pods-InovaAppTests-checkManifestLockResult.txt",
			);
			runOnlyForDeploymentPostprocessing = 0;
			shellPath = /bin/sh;
			shellScript = "diff \"${PODS_PODFILE_DIR_PATH}/Podfile.lock\" \"${PODS_ROOT}/Manifest.lock\" > /dev/null\nif [ $? != 0 ] ; then\n    # print error to STDERR\n    echo \"error: The sandbox is not in sync with the Podfile.lock. Run 'pod install' or update your CocoaPods installation.\" >&2\n    exit 1\nfi\n# This output is used by Xcode 'outputs' to avoid re-running this script phase.\necho \"SUCCESS\" > \"${SCRIPT_OUTPUT_FILE_0}\"\n";
			showEnvVarsInLog = 0;
		};
		7F915F11B03664BB4429E142 /* [CP] Check Pods Manifest.lock */ = {
			isa = PBXShellScriptBuildPhase;
			buildActionMask = 2147483647;
			files = (
			);
			inputFileListPaths = (
			);
			inputPaths = (
				"${PODS_PODFILE_DIR_PATH}/Podfile.lock",
				"${PODS_ROOT}/Manifest.lock",
			);
			name = "[CP] Check Pods Manifest.lock";
			outputFileListPaths = (
			);
			outputPaths = (
				"$(DERIVED_FILE_DIR)/Pods-InovaApp-InovaAppUITests-checkManifestLockResult.txt",
			);
			runOnlyForDeploymentPostprocessing = 0;
			shellPath = /bin/sh;
			shellScript = "diff \"${PODS_PODFILE_DIR_PATH}/Podfile.lock\" \"${PODS_ROOT}/Manifest.lock\" > /dev/null\nif [ $? != 0 ] ; then\n    # print error to STDERR\n    echo \"error: The sandbox is not in sync with the Podfile.lock. Run 'pod install' or update your CocoaPods installation.\" >&2\n    exit 1\nfi\n# This output is used by Xcode 'outputs' to avoid re-running this script phase.\necho \"SUCCESS\" > \"${SCRIPT_OUTPUT_FILE_0}\"\n";
			showEnvVarsInLog = 0;
		};
		8C49DF2B5FB5E97A08AA1CDE /* [CP] Embed Pods Frameworks */ = {
			isa = PBXShellScriptBuildPhase;
			buildActionMask = 2147483647;
			files = (
			);
			inputFileListPaths = (
				"${PODS_ROOT}/Target Support Files/Pods-InovaApp-InovaAppUITests/Pods-InovaApp-InovaAppUITests-frameworks-${CONFIGURATION}-input-files.xcfilelist",
			);
			name = "[CP] Embed Pods Frameworks";
			outputFileListPaths = (
				"${PODS_ROOT}/Target Support Files/Pods-InovaApp-InovaAppUITests/Pods-InovaApp-InovaAppUITests-frameworks-${CONFIGURATION}-output-files.xcfilelist",
			);
			runOnlyForDeploymentPostprocessing = 0;
			shellPath = /bin/sh;
			shellScript = "\"${PODS_ROOT}/Target Support Files/Pods-InovaApp-InovaAppUITests/Pods-InovaApp-InovaAppUITests-frameworks.sh\"\n";
			showEnvVarsInLog = 0;
		};
		DD2BCF618214D49877E80B29 /* [CP] Check Pods Manifest.lock */ = {
			isa = PBXShellScriptBuildPhase;
			buildActionMask = 2147483647;
			files = (
			);
			inputFileListPaths = (
			);
			inputPaths = (
				"${PODS_PODFILE_DIR_PATH}/Podfile.lock",
				"${PODS_ROOT}/Manifest.lock",
			);
			name = "[CP] Check Pods Manifest.lock";
			outputFileListPaths = (
			);
			outputPaths = (
				"$(DERIVED_FILE_DIR)/Pods-InovaApp-checkManifestLockResult.txt",
			);
			runOnlyForDeploymentPostprocessing = 0;
			shellPath = /bin/sh;
			shellScript = "diff \"${PODS_PODFILE_DIR_PATH}/Podfile.lock\" \"${PODS_ROOT}/Manifest.lock\" > /dev/null\nif [ $? != 0 ] ; then\n    # print error to STDERR\n    echo \"error: The sandbox is not in sync with the Podfile.lock. Run 'pod install' or update your CocoaPods installation.\" >&2\n    exit 1\nfi\n# This output is used by Xcode 'outputs' to avoid re-running this script phase.\necho \"SUCCESS\" > \"${SCRIPT_OUTPUT_FILE_0}\"\n";
			showEnvVarsInLog = 0;
		};
		F5C0D84DF116B1DB25B2F923 /* [CP] Embed Pods Frameworks */ = {
			isa = PBXShellScriptBuildPhase;
			buildActionMask = 2147483647;
			files = (
			);
			inputFileListPaths = (
				"${PODS_ROOT}/Target Support Files/Pods-InovaApp/Pods-InovaApp-frameworks-${CONFIGURATION}-input-files.xcfilelist",
			);
			name = "[CP] Embed Pods Frameworks";
			outputFileListPaths = (
				"${PODS_ROOT}/Target Support Files/Pods-InovaApp/Pods-InovaApp-frameworks-${CONFIGURATION}-output-files.xcfilelist",
			);
			runOnlyForDeploymentPostprocessing = 0;
			shellPath = /bin/sh;
			shellScript = "\"${PODS_ROOT}/Target Support Files/Pods-InovaApp/Pods-InovaApp-frameworks.sh\"\n";
			showEnvVarsInLog = 0;
		};
/* End PBXShellScriptBuildPhase section */

/* Begin PBXSourcesBuildPhase section */
		D4261EC42836C09900C6166B /* Sources */ = {
			isa = PBXSourcesBuildPhase;
			buildActionMask = 2147483647;
			files = (
				D4261ED02836C09900C6166B /* HomeVC.swift in Sources */,
				D4261ECC2836C09900C6166B /* AppDelegate.swift in Sources */,
				D4261ECE2836C09900C6166B /* SceneDelegate.swift in Sources */,
				D4261F012836C33E00C6166B /* HomeViewModel.swift in Sources */,
				D4261F082836D9A900C6166B /* UIImageView + Ext.swift in Sources */,
				D4261F052836C76A00C6166B /* Series.swift in Sources */,
			);
			runOnlyForDeploymentPostprocessing = 0;
		};
		D4261EDA2836C09C00C6166B /* Sources */ = {
			isa = PBXSourcesBuildPhase;
			buildActionMask = 2147483647;
			files = (
				D4261EE32836C09C00C6166B /* InovaAppTests.swift in Sources */,
			);
			runOnlyForDeploymentPostprocessing = 0;
		};
		D4261EE42836C09C00C6166B /* Sources */ = {
			isa = PBXSourcesBuildPhase;
			buildActionMask = 2147483647;
			files = (
				D4261EEF2836C09C00C6166B /* InovaAppUITestsLaunchTests.swift in Sources */,
				D4261EED2836C09C00C6166B /* InovaAppUITests.swift in Sources */,
			);
			runOnlyForDeploymentPostprocessing = 0;
		};
/* End PBXSourcesBuildPhase section */

/* Begin PBXTargetDependency section */
		D4261EE02836C09C00C6166B /* PBXTargetDependency */ = {
			isa = PBXTargetDependency;
			target = D4261EC72836C09900C6166B /* InovaApp */;
			targetProxy = D4261EDF2836C09C00C6166B /* PBXContainerItemProxy */;
		};
		D4261EEA2836C09C00C6166B /* PBXTargetDependency */ = {
			isa = PBXTargetDependency;
			target = D4261EC72836C09900C6166B /* InovaApp */;
			targetProxy = D4261EE92836C09C00C6166B /* PBXContainerItemProxy */;
		};
/* End PBXTargetDependency section */

/* Begin PBXVariantGroup section */
		D4261ED12836C09900C6166B /* Main.storyboard */ = {
			isa = PBXVariantGroup;
			children = (
				D4261ED22836C09900C6166B /* Base */,
			);
			name = Main.storyboard;
			sourceTree = "<group>";
		};
		D4261ED62836C09B00C6166B /* LaunchScreen.storyboard */ = {
			isa = PBXVariantGroup;
			children = (
				D4261ED72836C09B00C6166B /* Base */,
			);
			name = LaunchScreen.storyboard;
			sourceTree = "<group>";
		};
/* End PBXVariantGroup section */

/* Begin XCBuildConfiguration section */
		D4261EF02836C09C00C6166B /* Debug */ = {
			isa = XCBuildConfiguration;
			buildSettings = {
				ALWAYS_SEARCH_USER_PATHS = NO;
				CLANG_ANALYZER_NONNULL = YES;
				CLANG_ANALYZER_NUMBER_OBJECT_CONVERSION = YES_AGGRESSIVE;
				CLANG_CXX_LANGUAGE_STANDARD = "gnu++17";
				CLANG_ENABLE_MODULES = YES;
				CLANG_ENABLE_OBJC_ARC = YES;
				CLANG_ENABLE_OBJC_WEAK = YES;
				CLANG_WARN_BLOCK_CAPTURE_AUTORELEASING = YES;
				CLANG_WARN_BOOL_CONVERSION = YES;
				CLANG_WARN_COMMA = YES;
				CLANG_WARN_CONSTANT_CONVERSION = YES;
				CLANG_WARN_DEPRECATED_OBJC_IMPLEMENTATIONS = YES;
				CLANG_WARN_DIRECT_OBJC_ISA_USAGE = YES_ERROR;
				CLANG_WARN_DOCUMENTATION_COMMENTS = YES;
				CLANG_WARN_EMPTY_BODY = YES;
				CLANG_WARN_ENUM_CONVERSION = YES;
				CLANG_WARN_INFINITE_RECURSION = YES;
				CLANG_WARN_INT_CONVERSION = YES;
				CLANG_WARN_NON_LITERAL_NULL_CONVERSION = YES;
				CLANG_WARN_OBJC_IMPLICIT_RETAIN_SELF = YES;
				CLANG_WARN_OBJC_LITERAL_CONVERSION = YES;
				CLANG_WARN_OBJC_ROOT_CLASS = YES_ERROR;
				CLANG_WARN_QUOTED_INCLUDE_IN_FRAMEWORK_HEADER = YES;
				CLANG_WARN_RANGE_LOOP_ANALYSIS = YES;
				CLANG_WARN_STRICT_PROTOTYPES = YES;
				CLANG_WARN_SUSPICIOUS_MOVE = YES;
				CLANG_WARN_UNGUARDED_AVAILABILITY = YES_AGGRESSIVE;
				CLANG_WARN_UNREACHABLE_CODE = YES;
				CLANG_WARN__DUPLICATE_METHOD_MATCH = YES;
				COPY_PHASE_STRIP = NO;
				DEBUG_INFORMATION_FORMAT = dwarf;
				ENABLE_STRICT_OBJC_MSGSEND = YES;
				ENABLE_TESTABILITY = YES;
				GCC_C_LANGUAGE_STANDARD = gnu11;
				GCC_DYNAMIC_NO_PIC = NO;
				GCC_NO_COMMON_BLOCKS = YES;
				GCC_OPTIMIZATION_LEVEL = 0;
				GCC_PREPROCESSOR_DEFINITIONS = (
					"DEBUG=1",
					"$(inherited)",
				);
				GCC_WARN_64_TO_32_BIT_CONVERSION = YES;
				GCC_WARN_ABOUT_RETURN_TYPE = YES_ERROR;
				GCC_WARN_UNDECLARED_SELECTOR = YES;
				GCC_WARN_UNINITIALIZED_AUTOS = YES_AGGRESSIVE;
				GCC_WARN_UNUSED_FUNCTION = YES;
				GCC_WARN_UNUSED_VARIABLE = YES;
				IPHONEOS_DEPLOYMENT_TARGET = 15.4;
				MTL_ENABLE_DEBUG_INFO = INCLUDE_SOURCE;
				MTL_FAST_MATH = YES;
				ONLY_ACTIVE_ARCH = YES;
				SDKROOT = iphoneos;
				SWIFT_ACTIVE_COMPILATION_CONDITIONS = DEBUG;
				SWIFT_OPTIMIZATION_LEVEL = "-Onone";
			};
			name = Debug;
		};
		D4261EF12836C09C00C6166B /* Release */ = {
			isa = XCBuildConfiguration;
			buildSettings = {
				ALWAYS_SEARCH_USER_PATHS = NO;
				CLANG_ANALYZER_NONNULL = YES;
				CLANG_ANALYZER_NUMBER_OBJECT_CONVERSION = YES_AGGRESSIVE;
				CLANG_CXX_LANGUAGE_STANDARD = "gnu++17";
				CLANG_ENABLE_MODULES = YES;
				CLANG_ENABLE_OBJC_ARC = YES;
				CLANG_ENABLE_OBJC_WEAK = YES;
				CLANG_WARN_BLOCK_CAPTURE_AUTORELEASING = YES;
				CLANG_WARN_BOOL_CONVERSION = YES;
				CLANG_WARN_COMMA = YES;
				CLANG_WARN_CONSTANT_CONVERSION = YES;
				CLANG_WARN_DEPRECATED_OBJC_IMPLEMENTATIONS = YES;
				CLANG_WARN_DIRECT_OBJC_ISA_USAGE = YES_ERROR;
				CLANG_WARN_DOCUMENTATION_COMMENTS = YES;
				CLANG_WARN_EMPTY_BODY = YES;
				CLANG_WARN_ENUM_CONVERSION = YES;
				CLANG_WARN_INFINITE_RECURSION = YES;
				CLANG_WARN_INT_CONVERSION = YES;
				CLANG_WARN_NON_LITERAL_NULL_CONVERSION = YES;
				CLANG_WARN_OBJC_IMPLICIT_RETAIN_SELF = YES;
				CLANG_WARN_OBJC_LITERAL_CONVERSION = YES;
				CLANG_WARN_OBJC_ROOT_CLASS = YES_ERROR;
				CLANG_WARN_QUOTED_INCLUDE_IN_FRAMEWORK_HEADER = YES;
				CLANG_WARN_RANGE_LOOP_ANALYSIS = YES;
				CLANG_WARN_STRICT_PROTOTYPES = YES;
				CLANG_WARN_SUSPICIOUS_MOVE = YES;
				CLANG_WARN_UNGUARDED_AVAILABILITY = YES_AGGRESSIVE;
				CLANG_WARN_UNREACHABLE_CODE = YES;
				CLANG_WARN__DUPLICATE_METHOD_MATCH = YES;
				COPY_PHASE_STRIP = NO;
				DEBUG_INFORMATION_FORMAT = "dwarf-with-dsym";
				ENABLE_NS_ASSERTIONS = NO;
				ENABLE_STRICT_OBJC_MSGSEND = YES;
				GCC_C_LANGUAGE_STANDARD = gnu11;
				GCC_NO_COMMON_BLOCKS = YES;
				GCC_WARN_64_TO_32_BIT_CONVERSION = YES;
				GCC_WARN_ABOUT_RETURN_TYPE = YES_ERROR;
				GCC_WARN_UNDECLARED_SELECTOR = YES;
				GCC_WARN_UNINITIALIZED_AUTOS = YES_AGGRESSIVE;
				GCC_WARN_UNUSED_FUNCTION = YES;
				GCC_WARN_UNUSED_VARIABLE = YES;
				IPHONEOS_DEPLOYMENT_TARGET = 15.4;
				MTL_ENABLE_DEBUG_INFO = NO;
				MTL_FAST_MATH = YES;
				SDKROOT = iphoneos;
				SWIFT_COMPILATION_MODE = wholemodule;
				SWIFT_OPTIMIZATION_LEVEL = "-O";
				VALIDATE_PRODUCT = YES;
			};
			name = Release;
		};
		D4261EF32836C09C00C6166B /* Debug */ = {
			isa = XCBuildConfiguration;
			baseConfigurationReference = 014CE01D92E680E8D7CB9631 /* Pods-InovaApp.debug.xcconfig */;
			buildSettings = {
				ASSETCATALOG_COMPILER_APPICON_NAME = AppIcon;
				ASSETCATALOG_COMPILER_GLOBAL_ACCENT_COLOR_NAME = AccentColor;
				CODE_SIGN_STYLE = Automatic;
				CURRENT_PROJECT_VERSION = 1;
				DEVELOPMENT_TEAM = WFTUBVYR24;
				GENERATE_INFOPLIST_FILE = YES;
				INFOPLIST_FILE = InovaApp/Info.plist;
				INFOPLIST_KEY_UIApplicationSupportsIndirectInputEvents = YES;
				INFOPLIST_KEY_UILaunchStoryboardName = LaunchScreen;
				INFOPLIST_KEY_UIMainStoryboardFile = Main;
				INFOPLIST_KEY_UISupportedInterfaceOrientations_iPad = "UIInterfaceOrientationPortrait UIInterfaceOrientationPortraitUpsideDown UIInterfaceOrientationLandscapeLeft UIInterfaceOrientationLandscapeRight";
				INFOPLIST_KEY_UISupportedInterfaceOrientations_iPhone = "UIInterfaceOrientationPortrait UIInterfaceOrientationLandscapeLeft UIInterfaceOrientationLandscapeRight";
				LD_RUNPATH_SEARCH_PATHS = (
					"$(inherited)",
					"@executable_path/Frameworks",
				);
				MARKETING_VERSION = 1.0;
				PRODUCT_BUNDLE_IDENTIFIER = kood.InovaApp;
				PRODUCT_NAME = "$(TARGET_NAME)";
				SWIFT_EMIT_LOC_STRINGS = YES;
				SWIFT_VERSION = 5.0;
				TARGETED_DEVICE_FAMILY = "1,2";
			};
			name = Debug;
		};
		D4261EF42836C09C00C6166B /* Release */ = {
			isa = XCBuildConfiguration;
			baseConfigurationReference = BDB832E28CA0046D592FF5DB /* Pods-InovaApp.release.xcconfig */;
			buildSettings = {
				ASSETCATALOG_COMPILER_APPICON_NAME = AppIcon;
				ASSETCATALOG_COMPILER_GLOBAL_ACCENT_COLOR_NAME = AccentColor;
				CODE_SIGN_STYLE = Automatic;
				CURRENT_PROJECT_VERSION = 1;
				DEVELOPMENT_TEAM = WFTUBVYR24;
				GENERATE_INFOPLIST_FILE = YES;
				INFOPLIST_FILE = InovaApp/Info.plist;
				INFOPLIST_KEY_UIApplicationSupportsIndirectInputEvents = YES;
				INFOPLIST_KEY_UILaunchStoryboardName = LaunchScreen;
				INFOPLIST_KEY_UIMainStoryboardFile = Main;
				INFOPLIST_KEY_UISupportedInterfaceOrientations_iPad = "UIInterfaceOrientationPortrait UIInterfaceOrientationPortraitUpsideDown UIInterfaceOrientationLandscapeLeft UIInterfaceOrientationLandscapeRight";
				INFOPLIST_KEY_UISupportedInterfaceOrientations_iPhone = "UIInterfaceOrientationPortrait UIInterfaceOrientationLandscapeLeft UIInterfaceOrientationLandscapeRight";
				LD_RUNPATH_SEARCH_PATHS = (
					"$(inherited)",
					"@executable_path/Frameworks",
				);
				MARKETING_VERSION = 1.0;
				PRODUCT_BUNDLE_IDENTIFIER = kood.InovaApp;
				PRODUCT_NAME = "$(TARGET_NAME)";
				SWIFT_EMIT_LOC_STRINGS = YES;
				SWIFT_VERSION = 5.0;
				TARGETED_DEVICE_FAMILY = "1,2";
			};
			name = Release;
		};
		D4261EF62836C09C00C6166B /* Debug */ = {
			isa = XCBuildConfiguration;
			baseConfigurationReference = 4049E4388D7642EC42DA2793 /* Pods-InovaAppTests.debug.xcconfig */;
			buildSettings = {
				ALWAYS_EMBED_SWIFT_STANDARD_LIBRARIES = YES;
				BUNDLE_LOADER = "$(TEST_HOST)";
				CODE_SIGN_STYLE = Automatic;
				CURRENT_PROJECT_VERSION = 1;
				DEVELOPMENT_TEAM = WFTUBVYR24;
				GENERATE_INFOPLIST_FILE = YES;
				IPHONEOS_DEPLOYMENT_TARGET = 15.4;
				MARKETING_VERSION = 1.0;
				PRODUCT_BUNDLE_IDENTIFIER = kood.InovaAppTests;
				PRODUCT_NAME = "$(TARGET_NAME)";
				SWIFT_EMIT_LOC_STRINGS = NO;
				SWIFT_VERSION = 5.0;
				TARGETED_DEVICE_FAMILY = "1,2";
				TEST_HOST = "$(BUILT_PRODUCTS_DIR)/InovaApp.app/InovaApp";
			};
			name = Debug;
		};
		D4261EF72836C09C00C6166B /* Release */ = {
			isa = XCBuildConfiguration;
			baseConfigurationReference = B87AF357E5451F22072381AE /* Pods-InovaAppTests.release.xcconfig */;
			buildSettings = {
				ALWAYS_EMBED_SWIFT_STANDARD_LIBRARIES = YES;
				BUNDLE_LOADER = "$(TEST_HOST)";
				CODE_SIGN_STYLE = Automatic;
				CURRENT_PROJECT_VERSION = 1;
				DEVELOPMENT_TEAM = WFTUBVYR24;
				GENERATE_INFOPLIST_FILE = YES;
				IPHONEOS_DEPLOYMENT_TARGET = 15.4;
				MARKETING_VERSION = 1.0;
				PRODUCT_BUNDLE_IDENTIFIER = kood.InovaAppTests;
				PRODUCT_NAME = "$(TARGET_NAME)";
				SWIFT_EMIT_LOC_STRINGS = NO;
				SWIFT_VERSION = 5.0;
				TARGETED_DEVICE_FAMILY = "1,2";
				TEST_HOST = "$(BUILT_PRODUCTS_DIR)/InovaApp.app/InovaApp";
			};
			name = Release;
		};
		D4261EF92836C09C00C6166B /* Debug */ = {
			isa = XCBuildConfiguration;
			baseConfigurationReference = 0DA9DA9D38F22A4065569007 /* Pods-InovaApp-InovaAppUITests.debug.xcconfig */;
			buildSettings = {
				ALWAYS_EMBED_SWIFT_STANDARD_LIBRARIES = YES;
				CODE_SIGN_STYLE = Automatic;
				CURRENT_PROJECT_VERSION = 1;
				DEVELOPMENT_TEAM = WFTUBVYR24;
				GENERATE_INFOPLIST_FILE = YES;
				MARKETING_VERSION = 1.0;
				PRODUCT_BUNDLE_IDENTIFIER = kood.InovaAppUITests;
				PRODUCT_NAME = "$(TARGET_NAME)";
				SWIFT_EMIT_LOC_STRINGS = NO;
				SWIFT_VERSION = 5.0;
				TARGETED_DEVICE_FAMILY = "1,2";
				TEST_TARGET_NAME = InovaApp;
			};
			name = Debug;
		};
		D4261EFA2836C09C00C6166B /* Release */ = {
			isa = XCBuildConfiguration;
			baseConfigurationReference = 5477AA07AA25F1C20F9A8B61 /* Pods-InovaApp-InovaAppUITests.release.xcconfig */;
			buildSettings = {
				ALWAYS_EMBED_SWIFT_STANDARD_LIBRARIES = YES;
				CODE_SIGN_STYLE = Automatic;
				CURRENT_PROJECT_VERSION = 1;
				DEVELOPMENT_TEAM = WFTUBVYR24;
				GENERATE_INFOPLIST_FILE = YES;
				MARKETING_VERSION = 1.0;
				PRODUCT_BUNDLE_IDENTIFIER = kood.InovaAppUITests;
				PRODUCT_NAME = "$(TARGET_NAME)";
				SWIFT_EMIT_LOC_STRINGS = NO;
				SWIFT_VERSION = 5.0;
				TARGETED_DEVICE_FAMILY = "1,2";
				TEST_TARGET_NAME = InovaApp;
			};
			name = Release;
		};
/* End XCBuildConfiguration section */

/* Begin XCConfigurationList section */
		D4261EC32836C09900C6166B /* Build configuration list for PBXProject "InovaApp" */ = {
			isa = XCConfigurationList;
			buildConfigurations = (
				D4261EF02836C09C00C6166B /* Debug */,
				D4261EF12836C09C00C6166B /* Release */,
			);
			defaultConfigurationIsVisible = 0;
			defaultConfigurationName = Release;
		};
		D4261EF22836C09C00C6166B /* Build configuration list for PBXNativeTarget "InovaApp" */ = {
			isa = XCConfigurationList;
			buildConfigurations = (
				D4261EF32836C09C00C6166B /* Debug */,
				D4261EF42836C09C00C6166B /* Release */,
			);
			defaultConfigurationIsVisible = 0;
			defaultConfigurationName = Release;
		};
		D4261EF52836C09C00C6166B /* Build configuration list for PBXNativeTarget "InovaAppTests" */ = {
			isa = XCConfigurationList;
			buildConfigurations = (
				D4261EF62836C09C00C6166B /* Debug */,
				D4261EF72836C09C00C6166B /* Release */,
			);
			defaultConfigurationIsVisible = 0;
			defaultConfigurationName = Release;
		};
		D4261EF82836C09C00C6166B /* Build configuration list for PBXNativeTarget "InovaAppUITests" */ = {
			isa = XCConfigurationList;
			buildConfigurations = (
				D4261EF92836C09C00C6166B /* Debug */,
				D4261EFA2836C09C00C6166B /* Release */,
			);
			defaultConfigurationIsVisible = 0;
			defaultConfigurationName = Release;
		};
/* End XCConfigurationList section */
	};
	rootObject = D4261EC02836C09900C6166B /* Project object */;
}
